
Microsoft Visual Studio Solution File, Format Version 12.00
# Visual Studio 15
VisualStudioVersion = 15.0.28010.2036
MinimumVisualStudioVersion = 10.0.40219.1
Project("{FAE04EC0-301F-11D3-BF4B-00C04F79EFBC}") = "RazorPagesSample", "RazorPagesSample\RazorPagesSample.csproj", "{800DD81E-4024-4C6A-8E44-53B7703BC9A2}"
EndProject
Global
	GlobalSection(SolutionConfigurationPlatforms) = preSolution
		Debug|Any CPU = Debug|Any CPU
		Release|Any CPU = Release|Any CPU
	EndGlobalSection
	GlobalSection(ProjectConfigurationPlatforms) = postSolution
		{800DD81E-4024-4C6A-8E44-53B7703BC9A2}.Debug|Any CPU.ActiveCfg = Debug|Any CPU
		{800DD81E-4024-4C6A-8E44-53B7703BC9A2}.Debug|Any CPU.Build.0 = Debug|Any CPU
		{800DD81E-4024-4C6A-8E44-53B7703BC9A2}.Release|Any CPU.ActiveCfg = Release|Any CPU
		{800DD81E-4024-4C6A-8E44-53B7703BC9A2}.Release|Any CPU.Build.0 = Release|Any CPU
	EndGlobalSection
	GlobalSection(SolutionProperties) = preSolution
		HideSolutionNode = FALSE
	EndGlobalSection
	GlobalSection(ExtensibilityGlobals) = postSolution
		SolutionGuid = {0158D43C-9BF8-4300-854D-3B1981164A97}
	EndGlobalSection
EndGlobal
