
Microsoft Visual Studio Solution File, Format Version 12.00
# Visual Studio 15
VisualStudioVersion = 15.0.28010.2036
MinimumVisualStudioVersion = 10.0.40219.1
Project("{FAE04EC0-301F-11D3-BF4B-00C04F79EFBC}") = "MyWebAPISample", "MyWebAPISample\MyWebAPISample.csproj", "{B8843EFA-EA93-42CC-AAE7-B50499ABA687}"
EndProject
Project("{FAE04EC0-301F-11D3-BF4B-00C04F79EFBC}") = "WebAPIClient", "WebAPIClient\WebAPIClient.csproj", "{8067FF24-0FD4-401E-9032-4AC05FAADA2C}"
EndProject
Global
	GlobalSection(SolutionConfigurationPlatforms) = preSolution
		Debug|Any CPU = Debug|Any CPU
		Release|Any CPU = Release|Any CPU
	EndGlobalSection
	GlobalSection(ProjectConfigurationPlatforms) = postSolution
		{B8843EFA-EA93-42CC-AAE7-B50499ABA687}.Debug|Any CPU.ActiveCfg = Debug|Any CPU
		{B8843EFA-EA93-42CC-AAE7-B50499ABA687}.Debug|Any CPU.Build.0 = Debug|Any CPU
		{B8843EFA-EA93-42CC-AAE7-B50499ABA687}.Release|Any CPU.ActiveCfg = Release|Any CPU
		{B8843EFA-EA93-42CC-AAE7-B50499ABA687}.Release|Any CPU.Build.0 = Release|Any CPU
		{8067FF24-0FD4-401E-9032-4AC05FAADA2C}.Debug|Any CPU.ActiveCfg = Debug|Any CPU
		{8067FF24-0FD4-401E-9032-4AC05FAADA2C}.Debug|Any CPU.Build.0 = Debug|Any CPU
		{8067FF24-0FD4-401E-9032-4AC05FAADA2C}.Release|Any CPU.ActiveCfg = Release|Any CPU
		{8067FF24-0FD4-401E-9032-4AC05FAADA2C}.Release|Any CPU.Build.0 = Release|Any CPU
	EndGlobalSection
	GlobalSection(SolutionProperties) = preSolution
		HideSolutionNode = FALSE
	EndGlobalSection
	GlobalSection(ExtensibilityGlobals) = postSolution
		SolutionGuid = {28D9A084-BA39-4B0D-BEF4-D927052171CE}
	EndGlobalSection
EndGlobal
