
Microsoft Visual Studio Solution File, Format Version 12.00
# Visual Studio 15
VisualStudioVersion = 15.0.28010.2036
MinimumVisualStudioVersion = 10.0.40219.1
Project("{9A19103F-16F7-4668-BE54-9A1E7A4F7556}") = "helloworld", "helloworld.csproj", "{5681015C-9855-4B4A-A086-3B7DFBC9FD24}"
EndProject
Global
	GlobalSection(SolutionConfigurationPlatforms) = preSolution
		Debug|Any CPU = Debug|Any CPU
		Release|Any CPU = Release|Any CPU
	EndGlobalSection
	GlobalSection(ProjectConfigurationPlatforms) = postSolution
		{5681015C-9855-4B4A-A086-3B7DFBC9FD24}.Debug|Any CPU.ActiveCfg = Debug|Any CPU
		{5681015C-9855-4B4A-A086-3B7DFBC9FD24}.Debug|Any CPU.Build.0 = Debug|Any CPU
		{5681015C-9855-4B4A-A086-3B7DFBC9FD24}.Release|Any CPU.ActiveCfg = Release|Any CPU
		{5681015C-9855-4B4A-A086-3B7DFBC9FD24}.Release|Any CPU.Build.0 = Release|Any CPU
	EndGlobalSection
	GlobalSection(SolutionProperties) = preSolution
		HideSolutionNode = FALSE
	EndGlobalSection
	GlobalSection(ExtensibilityGlobals) = postSolution
		SolutionGuid = {396820D9-BED3-448E-BA14-E43F0B277758}
	EndGlobalSection
EndGlobal
