
Microsoft Visual Studio Solution File, Format Version 12.00
# Visual Studio 15
VisualStudioVersion = 15.0.28010.2036
MinimumVisualStudioVersion = 10.0.40219.1
Project("{FAE04EC0-301F-11D3-BF4B-00C04F79EFBC}") = "BlazorSample", "BlazorSample\BlazorSample.csproj", "{0718184A-9414-4B54-900E-4417BFD38AD7}"
EndProject
Global
	GlobalSection(SolutionConfigurationPlatforms) = preSolution
		Debug|Any CPU = Debug|Any CPU
		Release|Any CPU = Release|Any CPU
	EndGlobalSection
	GlobalSection(ProjectConfigurationPlatforms) = postSolution
		{0718184A-9414-4B54-900E-4417BFD38AD7}.Debug|Any CPU.ActiveCfg = Debug|Any CPU
		{0718184A-9414-4B54-900E-4417BFD38AD7}.Debug|Any CPU.Build.0 = Debug|Any CPU
		{0718184A-9414-4B54-900E-4417BFD38AD7}.Release|Any CPU.ActiveCfg = Release|Any CPU
		{0718184A-9414-4B54-900E-4417BFD38AD7}.Release|Any CPU.Build.0 = Release|Any CPU
	EndGlobalSection
	GlobalSection(SolutionProperties) = preSolution
		HideSolutionNode = FALSE
	EndGlobalSection
	GlobalSection(ExtensibilityGlobals) = postSolution
		SolutionGuid = {3098E656-ECFF-49CE-8964-0211B16B2E44}
	EndGlobalSection
EndGlobal
