
Microsoft Visual Studio Solution File, Format Version 12.00
# Visual Studio 15
VisualStudioVersion = 15.0.28010.2036
MinimumVisualStudioVersion = 10.0.40219.1
Project("{FAE04EC0-301F-11D3-BF4B-00C04F79EFBC}") = "APISample2", "APISample2\APISample2.csproj", "{8CA76378-D82A-4C7E-916C-8210AE6A3A1C}"
EndProject
Project("{FAE04EC0-301F-11D3-BF4B-00C04F79EFBC}") = "ClientApp", "ClientApp\ClientApp.csproj", "{9AE2DB74-7640-4063-8289-C68F928F0B00}"
EndProject
Global
	GlobalSection(SolutionConfigurationPlatforms) = preSolution
		Debug|Any CPU = Debug|Any CPU
		Release|Any CPU = Release|Any CPU
	EndGlobalSection
	GlobalSection(ProjectConfigurationPlatforms) = postSolution
		{8CA76378-D82A-4C7E-916C-8210AE6A3A1C}.Debug|Any CPU.ActiveCfg = Debug|Any CPU
		{8CA76378-D82A-4C7E-916C-8210AE6A3A1C}.Debug|Any CPU.Build.0 = Debug|Any CPU
		{8CA76378-D82A-4C7E-916C-8210AE6A3A1C}.Release|Any CPU.ActiveCfg = Release|Any CPU
		{8CA76378-D82A-4C7E-916C-8210AE6A3A1C}.Release|Any CPU.Build.0 = Release|Any CPU
		{9AE2DB74-7640-4063-8289-C68F928F0B00}.Debug|Any CPU.ActiveCfg = Debug|Any CPU
		{9AE2DB74-7640-4063-8289-C68F928F0B00}.Debug|Any CPU.Build.0 = Debug|Any CPU
		{9AE2DB74-7640-4063-8289-C68F928F0B00}.Release|Any CPU.ActiveCfg = Release|Any CPU
		{9AE2DB74-7640-4063-8289-C68F928F0B00}.Release|Any CPU.Build.0 = Release|Any CPU
	EndGlobalSection
	GlobalSection(SolutionProperties) = preSolution
		HideSolutionNode = FALSE
	EndGlobalSection
	GlobalSection(ExtensibilityGlobals) = postSolution
		SolutionGuid = {A5B56A20-B8EF-47B3-BB7D-5E07CD66F0B8}
	EndGlobalSection
EndGlobal
