
Microsoft Visual Studio Solution File, Format Version 12.00
# Visual Studio 15
VisualStudioVersion = 15.0.28010.2036
MinimumVisualStudioVersion = 10.0.40219.1
Project("{FAE04EC0-301F-11D3-BF4B-00C04F79EFBC}") = "MySignalRSample", "MySignalRSample\MySignalRSample.csproj", "{7196EF96-5EEC-49EB-9CB9-7D72C37AB1B9}"
EndProject
Global
	GlobalSection(SolutionConfigurationPlatforms) = preSolution
		Debug|Any CPU = Debug|Any CPU
		Release|Any CPU = Release|Any CPU
	EndGlobalSection
	GlobalSection(ProjectConfigurationPlatforms) = postSolution
		{7196EF96-5EEC-49EB-9CB9-7D72C37AB1B9}.Debug|Any CPU.ActiveCfg = Debug|Any CPU
		{7196EF96-5EEC-49EB-9CB9-7D72C37AB1B9}.Debug|Any CPU.Build.0 = Debug|Any CPU
		{7196EF96-5EEC-49EB-9CB9-7D72C37AB1B9}.Release|Any CPU.ActiveCfg = Release|Any CPU
		{7196EF96-5EEC-49EB-9CB9-7D72C37AB1B9}.Release|Any CPU.Build.0 = Release|Any CPU
	EndGlobalSection
	GlobalSection(SolutionProperties) = preSolution
		HideSolutionNode = FALSE
	EndGlobalSection
	GlobalSection(ExtensibilityGlobals) = postSolution
		SolutionGuid = {FFA77658-C710-49D3-94A8-FAAC8A585729}
	EndGlobalSection
EndGlobal
