
Microsoft Visual Studio Solution File, Format Version 12.00
# Visual Studio 15
VisualStudioVersion = 15.0.28010.2036
MinimumVisualStudioVersion = 10.0.40219.1
Project("{FAE04EC0-301F-11D3-BF4B-00C04F79EFBC}") = "DISample", "DISample\DISample.csproj", "{BBA5B7A3-B820-4122-ADFF-4E70DC684975}"
EndProject
Global
	GlobalSection(SolutionConfigurationPlatforms) = preSolution
		Debug|Any CPU = Debug|Any CPU
		Release|Any CPU = Release|Any CPU
	EndGlobalSection
	GlobalSection(ProjectConfigurationPlatforms) = postSolution
		{BBA5B7A3-B820-4122-ADFF-4E70DC684975}.Debug|Any CPU.ActiveCfg = Debug|Any CPU
		{BBA5B7A3-B820-4122-ADFF-4E70DC684975}.Debug|Any CPU.Build.0 = Debug|Any CPU
		{BBA5B7A3-B820-4122-ADFF-4E70DC684975}.Release|Any CPU.ActiveCfg = Release|Any CPU
		{BBA5B7A3-B820-4122-ADFF-4E70DC684975}.Release|Any CPU.Build.0 = Release|Any CPU
	EndGlobalSection
	GlobalSection(SolutionProperties) = preSolution
		HideSolutionNode = FALSE
	EndGlobalSection
	GlobalSection(ExtensibilityGlobals) = postSolution
		SolutionGuid = {BD2FECC1-78FD-40DD-9D39-3C02CA0597F6}
	EndGlobalSection
EndGlobal
