
Microsoft Visual Studio Solution File, Format Version 12.00
# Visual Studio 15
VisualStudioVersion = 15.0.28010.2036
MinimumVisualStudioVersion = 10.0.40219.1
Project("{FAE04EC0-301F-11D3-BF4B-00C04F79EFBC}") = "MyFirstMVCApp", "MyFirstMVCApp\MyFirstMVCApp.csproj", "{2607B62A-513F-4F01-9D53-4B27F307B162}"
EndProject
Global
	GlobalSection(SolutionConfigurationPlatforms) = preSolution
		Debug|Any CPU = Debug|Any CPU
		Release|Any CPU = Release|Any CPU
	EndGlobalSection
	GlobalSection(ProjectConfigurationPlatforms) = postSolution
		{2607B62A-513F-4F01-9D53-4B27F307B162}.Debug|Any CPU.ActiveCfg = Debug|Any CPU
		{2607B62A-513F-4F01-9D53-4B27F307B162}.Debug|Any CPU.Build.0 = Debug|Any CPU
		{2607B62A-513F-4F01-9D53-4B27F307B162}.Release|Any CPU.ActiveCfg = Release|Any CPU
		{2607B62A-513F-4F01-9D53-4B27F307B162}.Release|Any CPU.Build.0 = Release|Any CPU
	EndGlobalSection
	GlobalSection(SolutionProperties) = preSolution
		HideSolutionNode = FALSE
	EndGlobalSection
	GlobalSection(ExtensibilityGlobals) = postSolution
		SolutionGuid = {3154ECCA-763D-49A0-8FD5-F531DE593FDC}
	EndGlobalSection
EndGlobal
